{
  "name": "eslint-config-humanmade",
  "version": "0.7.0",
  "lockfileVersion": 1,
  "requires": true,
  "dependencies": {
    "eslint-plugin-react-hooks": {
      "version": "2.3.0",
      "resolved": "https://registry.npmjs.org/eslint-plugin-react-hooks/-/eslint-plugin-react-hooks-2.3.0.tgz",
      "integrity": "sha512-gLKCa52G4ee7uXzdLiorca7JIQZPPXRAQDXV83J4bUEeUuc5pIEyZYAZ45Xnxe5IuupxEqHS+hUhSLIimK1EMw==",
      "dev": true
    },
    "eslint-plugin-sonarjs": {
      "version": "0.5.0",
      "resolved": "https://registry.npmjs.org/eslint-plugin-sonarjs/-/eslint-plugin-sonarjs-0.5.0.tgz",
      "integrity": "sha512-XW5MnzlRjhXpIdbULC/qAdJYHWw3rRLws/DyawdlPU/IdVr9AmRK1r2LaCvabwKOAW2XYYSo3kDX58E4MrB7PQ==",
      "dev": true
    }
  }
}
