{
	"name": "@humanmade/stylelint-config",
	"version": "1.1.2",
	"lockfileVersion": 1,
	"requires": true,
	"dependencies": {
		"@wordpress/stylelint-config": {
			"version": "18.0.0",
			"resolved": "https://registry.npmjs.org/@wordpress/stylelint-config/-/stylelint-config-18.0.0.tgz",
			"integrity": "sha512-Ion8imY8XzZyFC6jTue4/NGgaNE2GINeYkqWgFfaTl8ZIBUt49TOg7hcXaw4OksUHczN4SNjw6K5/GidRK8TUg==",
			"requires": {
				"stylelint-config-recommended": "^3.0.0",
				"stylelint-config-recommended-scss": "^4.2.0",
				"stylelint-scss": "^3.17.2"
			}
		},
		"cssesc": {
			"version": "3.0.0",
			"resolved": "https://registry.npmjs.org/cssesc/-/cssesc-3.0.0.tgz",
			"integrity": "sha512-/Tb/JcjK111nNScGob5MNtsntNM1aCNUDipB/TkwZFhyDrrE47SOx/18wF2bbjgc3ZzCSKW1T5nt5EbFoAz/Vg=="
		},
		"indexes-of": {
			"version": "1.0.1",
			"resolved": "https://registry.npmjs.org/indexes-of/-/indexes-of-1.0.1.tgz",
			"integrity": "sha1-8w9xbI4r00bHtn0985FVZqfAVgc="
		},
		"lodash": {
			"version": "4.17.21",
			"resolved": "https://registry.npmjs.org/lodash/-/lodash-4.17.21.tgz",
			"integrity": "sha512-v2kDEe57lecTulaDIuNTPy3Ry4gLGJ6Z1O3vE1krgXZNrsQ+LFTGHVxVjcXPs17LhbZVGedAJv8XZ1tvj5FvSg=="
		},
		"postcss-media-query-parser": {
			"version": "0.2.3",
			"resolved": "https://registry.npmjs.org/postcss-media-query-parser/-/postcss-media-query-parser-0.2.3.tgz",
			"integrity": "sha1-J7Ocb02U+Bsac7j3Y1HGCeXO8kQ="
		},
		"postcss-resolve-nested-selector": {
			"version": "0.1.1",
			"resolved": "https://registry.npmjs.org/postcss-resolve-nested-selector/-/postcss-resolve-nested-selector-0.1.1.tgz",
			"integrity": "sha1-Kcy8fDfe36wwTp//C/FZaz9qDk4="
		},
		"postcss-value-parser": {
			"version": "4.1.0",
			"resolved": "https://registry.npmjs.org/postcss-value-parser/-/postcss-value-parser-4.1.0.tgz",
			"integrity": "sha512-97DXOFbQJhk71ne5/Mt6cOu6yxsSfM0QGQyl0L25Gca4yGWEGJaig7l7gbCX623VqTBNGLRLaVUCnNkcedlRSQ=="
		},
		"stylelint-config-recommended": {
			"version": "3.0.0",
			"resolved": "https://registry.npmjs.org/stylelint-config-recommended/-/stylelint-config-recommended-3.0.0.tgz",
			"integrity": "sha512-F6yTRuc06xr1h5Qw/ykb2LuFynJ2IxkKfCMf+1xqPffkxh0S09Zc902XCffcsw/XMFq/OzQ1w54fLIDtmRNHnQ=="
		},
		"stylelint-config-recommended-scss": {
			"version": "4.2.0",
			"resolved": "https://registry.npmjs.org/stylelint-config-recommended-scss/-/stylelint-config-recommended-scss-4.2.0.tgz",
			"integrity": "sha512-4bI5BYbabo/GCQ6LbRZx/ZlVkK65a1jivNNsD+ix/Lw0U3iAch+jQcvliGnnAX8SUPaZ0UqzNVNNAF3urswa7g==",
			"requires": {
				"stylelint-config-recommended": "^3.0.0"
			}
		},
		"stylelint-scss": {
			"version": "3.18.0",
			"resolved": "https://registry.npmjs.org/stylelint-scss/-/stylelint-scss-3.18.0.tgz",
			"integrity": "sha512-LD7+hv/6/ApNGt7+nR/50ft7cezKP2HM5rI8avIdGaUWre3xlHfV4jKO/DRZhscfuN+Ewy9FMhcTq0CcS0C/SA==",
			"requires": {
				"lodash": "^4.17.15",
				"postcss-media-query-parser": "^0.2.3",
				"postcss-resolve-nested-selector": "^0.1.1",
				"postcss-selector-parser": "^6.0.2",
				"postcss-value-parser": "^4.1.0"
			},
			"dependencies": {
				"postcss-selector-parser": {
					"version": "6.0.4",
					"resolved": "https://registry.npmjs.org/postcss-selector-parser/-/postcss-selector-parser-6.0.4.tgz",
					"integrity": "sha512-gjMeXBempyInaBqpp8gODmwZ52WaYsVOsfr4L4lDQ7n3ncD6mEyySiDtgzCT+NYC0mmeOLvtsF8iaEf0YT6dBw==",
					"requires": {
						"cssesc": "^3.0.0",
						"indexes-of": "^1.0.1",
						"uniq": "^1.0.1",
						"util-deprecate": "^1.0.2"
					}
				}
			}
		},
		"uniq": {
			"version": "1.0.1",
			"resolved": "https://registry.npmjs.org/uniq/-/uniq-1.0.1.tgz",
			"integrity": "sha1-sxxa6CVIRKOoKBVBzisEuGWnNP8="
		},
		"util-deprecate": {
			"version": "1.0.2",
			"resolved": "https://registry.npmjs.org/util-deprecate/-/util-deprecate-1.0.2.tgz",
			"integrity": "sha1-RQ1Nyfpw3nMnYvvS1KKJgUGaDM8="
		}
	}
}
