{
	"name": "@humanmade/stylelint-config",
	"version": "1.2.1",
	"lockfileVersion": 2,
	"requires": true,
	"packages": {
		"": {
			"name": "@humanmade/stylelint-config",
			"version": "1.2.1",
			"license": "GPL-2.0-or-later",
			"dependencies": {
				"@wordpress/stylelint-config": "^21.0.0"
			},
			"engines": {
				"node": ">=16.0.0",
				"npm": ">=7.0.0"
			},
			"peerDependencies": {
				"stylelint": "^14.2.0"
			}
		},
		"node_modules/@wordpress/stylelint-config": {
			"version": "21.0.0",
			"resolved": "https://registry.npmjs.org/@wordpress/stylelint-config/-/stylelint-config-21.0.0.tgz",
			"integrity": "sha512-6d+eNMOz0BUsmZrPiWnU9i9m67Cbez+zhQLGU0LLFtmqLr2EI5JjfKEjkxftNkhWPRIlIqWPiUVzn6huaNA2Qw==",
			"dependencies": {
				"stylelint-config-recommended": "^6.0.0",
				"stylelint-config-recommended-scss": "^5.0.2"
			},
			"engines": {
				"node": ">=14"
			},
			"peerDependencies": {
				"stylelint": "^14.2"
			}
		},
		"node_modules/cssesc": {
			"version": "3.0.0",
			"resolved": "https://registry.npmjs.org/cssesc/-/cssesc-3.0.0.tgz",
			"integrity": "sha512-/Tb/JcjK111nNScGob5MNtsntNM1aCNUDipB/TkwZFhyDrrE47SOx/18wF2bbjgc3ZzCSKW1T5nt5EbFoAz/Vg==",
			"bin": {
				"cssesc": "bin/cssesc"
			},
			"engines": {
				"node": ">=4"
			}
		},
		"node_modules/lodash": {
			"version": "4.17.21",
			"resolved": "https://registry.npmjs.org/lodash/-/lodash-4.17.21.tgz",
			"integrity": "sha512-v2kDEe57lecTulaDIuNTPy3Ry4gLGJ6Z1O3vE1krgXZNrsQ+LFTGHVxVjcXPs17LhbZVGedAJv8XZ1tvj5FvSg=="
		},
		"node_modules/postcss-media-query-parser": {
			"version": "0.2.3",
			"resolved": "https://registry.npmjs.org/postcss-media-query-parser/-/postcss-media-query-parser-0.2.3.tgz",
			"integrity": "sha1-J7Ocb02U+Bsac7j3Y1HGCeXO8kQ=sha512-3sOlxmbKcSHMjlUXQZKQ06jOswE7oVkXPxmZdoB1r5l0q6gTFTQSHxNxOrCccElbW7dxNytifNEo8qidX2Vsig== sha512-3sOlxmbKcSHMjlUXQZKQ06jOswE7oVkXPxmZdoB1r5l0q6gTFTQSHxNxOrCccElbW7dxNytifNEo8qidX2Vsig=="
		},
		"node_modules/postcss-resolve-nested-selector": {
			"version": "0.1.1",
			"resolved": "https://registry.npmjs.org/postcss-resolve-nested-selector/-/postcss-resolve-nested-selector-0.1.1.tgz",
			"integrity": "sha1-Kcy8fDfe36wwTp//C/FZaz9qDk4=sha512-HvExULSwLqHLgUy1rl3ANIqCsvMS0WHss2UOsXhXnQaZ9VCc2oBvIpXrl00IUFT5ZDITME0o6oiXeiHr2SAIfw== sha512-HvExULSwLqHLgUy1rl3ANIqCsvMS0WHss2UOsXhXnQaZ9VCc2oBvIpXrl00IUFT5ZDITME0o6oiXeiHr2SAIfw=="
		},
		"node_modules/postcss-scss": {
			"version": "4.0.5",
			"resolved": "https://registry.npmjs.org/postcss-scss/-/postcss-scss-4.0.5.tgz",
			"integrity": "sha512-F7xpB6TrXyqUh3GKdyB4Gkp3QL3DDW1+uI+gxx/oJnUt/qXI4trj5OGlp9rOKdoABGULuqtqeG+3HEVQk4DjmA==",
			"funding": [
				{
					"type": "opencollective",
					"url": "https://opencollective.com/postcss/"
				},
				{
					"type": "tidelift",
					"url": "https://tidelift.com/funding/github/npm/postcss-scss"
				}
			],
			"engines": {
				"node": ">=12.0"
			},
			"peerDependencies": {
				"postcss": "^8.3.3"
			}
		},
		"node_modules/postcss-selector-parser": {
			"version": "6.0.11",
			"resolved": "https://registry.npmjs.org/postcss-selector-parser/-/postcss-selector-parser-6.0.11.tgz",
			"integrity": "sha512-zbARubNdogI9j7WY4nQJBiNqQf3sLS3wCP4WfOidu+p28LofJqDH1tcXypGrcmMHhDk2t9wGhCsYe/+szLTy1g==",
			"dependencies": {
				"cssesc": "^3.0.0",
				"util-deprecate": "^1.0.2"
			},
			"engines": {
				"node": ">=4"
			}
		},
		"node_modules/postcss-value-parser": {
			"version": "4.2.0",
			"resolved": "https://registry.npmjs.org/postcss-value-parser/-/postcss-value-parser-4.2.0.tgz",
			"integrity": "sha512-1NNCs6uurfkVbeXG4S8JFT9t19m45ICnif8zWLd5oPSZ50QnwMfK+H3jv408d4jw/7Bttv5axS5IiHoLaVNHeQ=="
		},
		"node_modules/stylelint-config-recommended": {
			"version": "6.0.0",
			"resolved": "https://registry.npmjs.org/stylelint-config-recommended/-/stylelint-config-recommended-6.0.0.tgz",
			"integrity": "sha512-ZorSSdyMcxWpROYUvLEMm0vSZud2uB7tX1hzBZwvVY9SV/uly4AvvJPPhCcymZL3fcQhEQG5AELmrxWqtmzacw==",
			"peerDependencies": {
				"stylelint": "^14.0.0"
			}
		},
		"node_modules/stylelint-config-recommended-scss": {
			"version": "5.0.2",
			"resolved": "https://registry.npmjs.org/stylelint-config-recommended-scss/-/stylelint-config-recommended-scss-5.0.2.tgz",
			"integrity": "sha512-b14BSZjcwW0hqbzm9b0S/ScN2+3CO3O4vcMNOw2KGf8lfVSwJ4p5TbNEXKwKl1+0FMtgRXZj6DqVUe/7nGnuBg==",
			"dependencies": {
				"postcss-scss": "^4.0.2",
				"stylelint-config-recommended": "^6.0.0",
				"stylelint-scss": "^4.0.0"
			},
			"peerDependencies": {
				"stylelint": "^14.0.0"
			}
		},
		"node_modules/stylelint-scss": {
			"version": "4.3.0",
			"resolved": "https://registry.npmjs.org/stylelint-scss/-/stylelint-scss-4.3.0.tgz",
			"integrity": "sha512-GvSaKCA3tipzZHoz+nNO7S02ZqOsdBzMiCx9poSmLlb3tdJlGddEX/8QzCOD8O7GQan9bjsvLMsO5xiw6IhhIQ==",
			"dependencies": {
				"lodash": "^4.17.21",
				"postcss-media-query-parser": "^0.2.3",
				"postcss-resolve-nested-selector": "^0.1.1",
				"postcss-selector-parser": "^6.0.6",
				"postcss-value-parser": "^4.1.0"
			},
			"peerDependencies": {
				"stylelint": "^14.5.1"
			}
		},
		"node_modules/util-deprecate": {
			"version": "1.0.2",
			"resolved": "https://registry.npmjs.org/util-deprecate/-/util-deprecate-1.0.2.tgz",
			"integrity": "sha1-RQ1Nyfpw3nMnYvvS1KKJgUGaDM8=sha512-EPD5q1uXyFxJpCrLnCc1nHnq3gOa6DZBocAIiI2TaSCA7VCJ1UJDMagCzIkXNsUYfD1daK//LTEQ8xiIbrHtcw== sha512-EPD5q1uXyFxJpCrLnCc1nHnq3gOa6DZBocAIiI2TaSCA7VCJ1UJDMagCzIkXNsUYfD1daK//LTEQ8xiIbrHtcw=="
		}
	},
	"dependencies": {
		"@wordpress/stylelint-config": {
			"version": "21.0.0",
			"resolved": "https://registry.npmjs.org/@wordpress/stylelint-config/-/stylelint-config-21.0.0.tgz",
			"integrity": "sha512-6d+eNMOz0BUsmZrPiWnU9i9m67Cbez+zhQLGU0LLFtmqLr2EI5JjfKEjkxftNkhWPRIlIqWPiUVzn6huaNA2Qw==",
			"requires": {
				"stylelint-config-recommended": "^6.0.0",
				"stylelint-config-recommended-scss": "^5.0.2"
			}
		},
		"cssesc": {
			"version": "3.0.0",
			"resolved": "https://registry.npmjs.org/cssesc/-/cssesc-3.0.0.tgz",
			"integrity": "sha512-/Tb/JcjK111nNScGob5MNtsntNM1aCNUDipB/TkwZFhyDrrE47SOx/18wF2bbjgc3ZzCSKW1T5nt5EbFoAz/Vg=="
		},
		"lodash": {
			"version": "4.17.21",
			"resolved": "https://registry.npmjs.org/lodash/-/lodash-4.17.21.tgz",
			"integrity": "sha512-v2kDEe57lecTulaDIuNTPy3Ry4gLGJ6Z1O3vE1krgXZNrsQ+LFTGHVxVjcXPs17LhbZVGedAJv8XZ1tvj5FvSg=="
		},
		"postcss-media-query-parser": {
			"version": "0.2.3",
			"resolved": "https://registry.npmjs.org/postcss-media-query-parser/-/postcss-media-query-parser-0.2.3.tgz",
			"integrity": "sha1-J7Ocb02U+Bsac7j3Y1HGCeXO8kQ=sha512-3sOlxmbKcSHMjlUXQZKQ06jOswE7oVkXPxmZdoB1r5l0q6gTFTQSHxNxOrCccElbW7dxNytifNEo8qidX2Vsig== sha512-3sOlxmbKcSHMjlUXQZKQ06jOswE7oVkXPxmZdoB1r5l0q6gTFTQSHxNxOrCccElbW7dxNytifNEo8qidX2Vsig=="
		},
		"postcss-resolve-nested-selector": {
			"version": "0.1.1",
			"resolved": "https://registry.npmjs.org/postcss-resolve-nested-selector/-/postcss-resolve-nested-selector-0.1.1.tgz",
			"integrity": "sha1-Kcy8fDfe36wwTp//C/FZaz9qDk4=sha512-HvExULSwLqHLgUy1rl3ANIqCsvMS0WHss2UOsXhXnQaZ9VCc2oBvIpXrl00IUFT5ZDITME0o6oiXeiHr2SAIfw== sha512-HvExULSwLqHLgUy1rl3ANIqCsvMS0WHss2UOsXhXnQaZ9VCc2oBvIpXrl00IUFT5ZDITME0o6oiXeiHr2SAIfw=="
		},
		"postcss-scss": {
			"version": "4.0.5",
			"resolved": "https://registry.npmjs.org/postcss-scss/-/postcss-scss-4.0.5.tgz",
			"integrity": "sha512-F7xpB6TrXyqUh3GKdyB4Gkp3QL3DDW1+uI+gxx/oJnUt/qXI4trj5OGlp9rOKdoABGULuqtqeG+3HEVQk4DjmA=="
		},
		"postcss-selector-parser": {
			"version": "6.0.11",
			"resolved": "https://registry.npmjs.org/postcss-selector-parser/-/postcss-selector-parser-6.0.11.tgz",
			"integrity": "sha512-zbARubNdogI9j7WY4nQJBiNqQf3sLS3wCP4WfOidu+p28LofJqDH1tcXypGrcmMHhDk2t9wGhCsYe/+szLTy1g==",
			"requires": {
				"cssesc": "^3.0.0",
				"util-deprecate": "^1.0.2"
			}
		},
		"postcss-value-parser": {
			"version": "4.2.0",
			"resolved": "https://registry.npmjs.org/postcss-value-parser/-/postcss-value-parser-4.2.0.tgz",
			"integrity": "sha512-1NNCs6uurfkVbeXG4S8JFT9t19m45ICnif8zWLd5oPSZ50QnwMfK+H3jv408d4jw/7Bttv5axS5IiHoLaVNHeQ=="
		},
		"stylelint-config-recommended": {
			"version": "6.0.0",
			"resolved": "https://registry.npmjs.org/stylelint-config-recommended/-/stylelint-config-recommended-6.0.0.tgz",
			"integrity": "sha512-ZorSSdyMcxWpROYUvLEMm0vSZud2uB7tX1hzBZwvVY9SV/uly4AvvJPPhCcymZL3fcQhEQG5AELmrxWqtmzacw=="
		},
		"stylelint-config-recommended-scss": {
			"version": "5.0.2",
			"resolved": "https://registry.npmjs.org/stylelint-config-recommended-scss/-/stylelint-config-recommended-scss-5.0.2.tgz",
			"integrity": "sha512-b14BSZjcwW0hqbzm9b0S/ScN2+3CO3O4vcMNOw2KGf8lfVSwJ4p5TbNEXKwKl1+0FMtgRXZj6DqVUe/7nGnuBg==",
			"requires": {
				"postcss-scss": "^4.0.2",
				"stylelint-config-recommended": "^6.0.0",
				"stylelint-scss": "^4.0.0"
			}
		},
		"stylelint-scss": {
			"version": "4.3.0",
			"resolved": "https://registry.npmjs.org/stylelint-scss/-/stylelint-scss-4.3.0.tgz",
			"integrity": "sha512-GvSaKCA3tipzZHoz+nNO7S02ZqOsdBzMiCx9poSmLlb3tdJlGddEX/8QzCOD8O7GQan9bjsvLMsO5xiw6IhhIQ==",
			"requires": {
				"lodash": "^4.17.21",
				"postcss-media-query-parser": "^0.2.3",
				"postcss-resolve-nested-selector": "^0.1.1",
				"postcss-selector-parser": "^6.0.6",
				"postcss-value-parser": "^4.1.0"
			}
		},
		"util-deprecate": {
			"version": "1.0.2",
			"resolved": "https://registry.npmjs.org/util-deprecate/-/util-deprecate-1.0.2.tgz",
			"integrity": "sha1-RQ1Nyfpw3nMnYvvS1KKJgUGaDM8=sha512-EPD5q1uXyFxJpCrLnCc1nHnq3gOa6DZBocAIiI2TaSCA7VCJ1UJDMagCzIkXNsUYfD1daK//LTEQ8xiIbrHtcw== sha512-EPD5q1uXyFxJpCrLnCc1nHnq3gOa6DZBocAIiI2TaSCA7VCJ1UJDMagCzIkXNsUYfD1daK//LTEQ8xiIbrHtcw=="
		}
	}
}
